// !$*UTF8*$!
{
	archiveVersion = 1;
	classes = {
	};
	objectVersion = 46;
	objects = {

/* Begin PBXBuildFile section */
		7E0AED11195B65E30005BF01 /* Foundation.framework in Frameworks */ = {isa = PBXBuildFile; fileRef = 7E0AED10195B65E30005BF01 /* Foundation.framework */; };
		7E0AED13195B65E30005BF01 /* CoreGraphics.framework in Frameworks */ = {isa = PBXBuildFile; fileRef = 7E0AED12195B65E30005BF01 /* CoreGraphics.framework */; };
		7E0AED15195B65E30005BF01 /* UIKit.framework in Frameworks */ = {isa = PBXBuildFile; fileRef = 7E0AED14195B65E30005BF01 /* UIKit.framework */; };
		7E0AED1B195B65E30005BF01 /* InfoPlist.strings in Resources */ = {isa = PBXBuildFile; fileRef = 7E0AED19195B65E30005BF01 /* InfoPlist.strings */; };
		7E0AED1D195B65E30005BF01 /* main.m in Sources */ = {isa = PBXBuildFile; fileRef = 7E0AED1C195B65E30005BF01 /* main.m */; };
		7E0AED21195B65E30005BF01 /* JMAppDelegate.m in Sources */ = {isa = PBXBuildFile; fileRef = 7E0AED20195B65E30005BF01 /* JMAppDelegate.m */; };
		7E0AED24195B65E30005BF01 /* Main.storyboard in Resources */ = {isa = PBXBuildFile; fileRef = 7E0AED22195B65E30005BF01 /* Main.storyboard */; };
		7E0AED27195B65E30005BF01 /* JMViewController.m in Sources */ = {isa = PBXBuildFile; fileRef = 7E0AED26195B65E30005BF01 /* JMViewController.m */; };
		7E0AED29195B65E30005BF01 /* Images.xcassets in Resources */ = {isa = PBXBuildFile; fileRef = 7E0AED28195B65E30005BF01 /* Images.xcassets */; };
		7E0AED30195B65E30005BF01 /* XCTest.framework in Frameworks */ = {isa = PBXBuildFile; fileRef = 7E0AED2F195B65E30005BF01 /* XCTest.framework */; };
		7E0AED31195B65E30005BF01 /* Foundation.framework in Frameworks */ = {isa = PBXBuildFile; fileRef = 7E0AED10195B65E30005BF01 /* Foundation.framework */; };
		7E0AED32195B65E30005BF01 /* UIKit.framework in Frameworks */ = {isa = PBXBuildFile; fileRef = 7E0AED14195B65E30005BF01 /* UIKit.framework */; };
		7E0AED3A195B65E30005BF01 /* InfoPlist.strings in Resources */ = {isa = PBXBuildFile; fileRef = 7E0AED38195B65E30005BF01 /* InfoPlist.strings */; };
		7E0AED3C195B65E30005BF01 /* Wish_ListTests.m in Sources */ = {isa = PBXBuildFile; fileRef = 7E0AED3B195B65E30005BF01 /* Wish_ListTests.m */; };
/* End PBXBuildFile section */

/* Begin PBXContainerItemProxy section */
		7E0AED33195B65E30005BF01 /* PBXContainerItemProxy */ = {
			isa = PBXContainerItemProxy;
			containerPortal = 7E0AED05195B65E30005BF01 /* Project object */;
			proxyType = 1;
			remoteGlobalIDString = 7E0AED0C195B65E30005BF01;
			remoteInfo = "Wish List";
		};
/* End PBXContainerItemProxy section */

/* Begin PBXFileReference section */
		7E0AED0D195B65E30005BF01 /* Wish List.app */ = {isa = PBXFileReference; explicitFileType = wrapper.application; includeInIndex = 0; path = "Wish List.app"; sourceTree = BUILT_PRODUCTS_DIR; };
		7E0AED10195B65E30005BF01 /* Foundation.framework */ = {isa = PBXFileReference; lastKnownFileType = wrapper.framework; name = Foundation.framework; path = System/Library/Frameworks/Foundation.framework; sourceTree = SDKROOT; };
		7E0AED12195B65E30005BF01 /* CoreGraphics.framework */ = {isa = PBXFileReference; lastKnownFileType = wrapper.framework; name = CoreGraphics.framework; path = System/Library/Frameworks/CoreGraphics.framework; sourceTree = SDKROOT; };
		7E0AED14195B65E30005BF01 /* UIKit.framework */ = {isa = PBXFileReference; lastKnownFileType = wrapper.framework; name = UIKit.framework; path = System/Library/Frameworks/UIKit.framework; sourceTree = SDKROOT; };
		7E0AED18195B65E30005BF01 /* Wish List-Info.plist */ = {isa = PBXFileReference; lastKnownFileType = text.plist.xml; path = "Wish List-Info.plist"; sourceTree = "<group>"; };
		7E0AED1A195B65E30005BF01 /* en */ = {isa = PBXFileReference; lastKnownFileType = text.plist.strings; name = en; path = en.lproj/InfoPlist.strings; sourceTree = "<group>"; };
		7E0AED1C195B65E30005BF01 /* main.m */ = {isa = PBXFileReference; lastKnownFileType = sourcecode.c.objc; path = main.m; sourceTree = "<group>"; };
		7E0AED1E195B65E30005BF01 /* Wish List-Prefix.pch */ = {isa = PBXFileReference; lastKnownFileType = sourcecode.c.h; path = "Wish List-Prefix.pch"; sourceTree = "<group>"; };
		7E0AED1F195B65E30005BF01 /* JMAppDelegate.h */ = {isa = PBXFileReference; lastKnownFileType = sourcecode.c.h; path = JMAppDelegate.h; sourceTree = "<group>"; };
		7E0AED20195B65E30005BF01 /* JMAppDelegate.m */ = {isa = PBXFileReference; lastKnownFileType = sourcecode.c.objc; path = JMAppDelegate.m; sourceTree = "<group>"; };
		7E0AED23195B65E30005BF01 /* Base */ = {isa = PBXFileReference; lastKnownFileType = file.storyboard; name = Base; path = Base.lproj/Main.storyboard; sourceTree = "<group>"; };
		7E0AED25195B65E30005BF01 /* JMViewController.h */ = {isa = PBXFileReference; lastKnownFileType = sourcecode.c.h; path = JMViewController.h; sourceTree = "<group>"; };
		7E0AED26195B65E30005BF01 /* JMViewController.m */ = {isa = PBXFileReference; lastKnownFileType = sourcecode.c.objc; path = JMViewController.m; sourceTree = "<group>"; };
		7E0AED28195B65E30005BF01 /* Images.xcassets */ = {isa = PBXFileReference; lastKnownFileType = folder.assetcatalog; path = Images.xcassets; sourceTree = "<group>"; };
		7E0AED2E195B65E30005BF01 /* Wish ListTests.xctest */ = {isa = PBXFileReference; explicitFileType = wrapper.cfbundle; includeInIndex = 0; path = "Wish ListTests.xctest"; sourceTree = BUILT_PRODUCTS_DIR; };
		7E0AED2F195B65E30005BF01 /* XCTest.framework */ = {isa = PBXFileReference; lastKnownFileType = wrapper.framework; name = XCTest.framework; path = Library/Frameworks/XCTest.framework; sourceTree = DEVELOPER_DIR; };
		7E0AED37195B65E30005BF01 /* Wish ListTests-Info.plist */ = {isa = PBXFileReference; lastKnownFileType = text.plist.xml; path = "Wish ListTests-Info.plist"; sourceTree = "<group>"; };
		7E0AED39195B65E30005BF01 /* en */ = {isa = PBXFileReference; lastKnownFileType = text.plist.strings; name = en; path = en.lproj/InfoPlist.strings; sourceTree = "<group>"; };
		7E0AED3B195B65E30005BF01 /* Wish_ListTests.m */ = {isa = PBXFileReference; lastKnownFileType = sourcecode.c.objc; path = Wish_ListTests.m; sourceTree = "<group>"; };
/* End PBXFileReference section */

/* Begin PBXFrameworksBuildPhase section */
		7E0AED0A195B65E30005BF01 /* Frameworks */ = {
			isa = PBXFrameworksBuildPhase;
			buildActionMask = 2147483647;
			files = (
				7E0AED13195B65E30005BF01 /* CoreGraphics.framework in Frameworks */,
				7E0AED15195B65E30005BF01 /* UIKit.framework in Frameworks */,
				7E0AED11195B65E30005BF01 /* Foundation.framework in Frameworks */,
			);
			runOnlyForDeploymentPostprocessing = 0;
		};
		7E0AED2B195B65E30005BF01 /* Frameworks */ = {
			isa = PBXFrameworksBuildPhase;
			buildActionMask = 2147483647;
			files = (
				7E0AED30195B65E30005BF01 /* XCTest.framework in Frameworks */,
				7E0AED32195B65E30005BF01 /* UIKit.framework in Frameworks */,
				7E0AED31195B65E30005BF01 /* Foundation.framework in Frameworks */,
			);
			runOnlyForDeploymentPostprocessing = 0;
		};
/* End PBXFrameworksBuildPhase section */

/* Begin PBXGroup section */
		7E0AED04195B65E30005BF01 = {
			isa = PBXGroup;
			children = (
				7E0AED16195B65E30005BF01 /* Wish List */,
				7E0AED35195B65E30005BF01 /* Wish ListTests */,
				7E0AED0F195B65E30005BF01 /* Frameworks */,
				7E0AED0E195B65E30005BF01 /* Products */,
			);
			sourceTree = "<group>";
		};
		7E0AED0E195B65E30005BF01 /* Products */ = {
			isa = PBXGroup;
			children = (
				7E0AED0D195B65E30005BF01 /* Wish List.app */,
				7E0AED2E195B65E30005BF01 /* Wish ListTests.xctest */,
			);
			name = Products;
			sourceTree = "<group>";
		};
		7E0AED0F195B65E30005BF01 /* Frameworks */ = {
			isa = PBXGroup;
			children = (
				7E0AED10195B65E30005BF01 /* Foundation.framework */,
				7E0AED12195B65E30005BF01 /* CoreGraphics.framework */,
				7E0AED14195B65E30005BF01 /* UIKit.framework */,
				7E0AED2F195B65E30005BF01 /* XCTest.framework */,
			);
			name = Frameworks;
			sourceTree = "<group>";
		};
		7E0AED16195B65E30005BF01 /* Wish List */ = {
			isa = PBXGroup;
			children = (
				7E0AED1F195B65E30005BF01 /* JMAppDelegate.h */,
				7E0AED20195B65E30005BF01 /* JMAppDelegate.m */,
				7E0AED22195B65E30005BF01 /* Main.storyboard */,
				7E0AED25195B65E30005BF01 /* JMViewController.h */,
				7E0AED26195B65E30005BF01 /* JMViewController.m */,
				7E0AED28195B65E30005BF01 /* Images.xcassets */,
				7E0AED17195B65E30005BF01 /* Supporting Files */,
			);
			path = "Wish List";
			sourceTree = "<group>";
		};
		7E0AED17195B65E30005BF01 /* Supporting Files */ = {
			isa = PBXGroup;
			children = (
				7E0AED18195B65E30005BF01 /* Wish List-Info.plist */,
				7E0AED19195B65E30005BF01 /* InfoPlist.strings */,
				7E0AED1C195B65E30005BF01 /* main.m */,
				7E0AED1E195B65E30005BF01 /* Wish List-Prefix.pch */,
			);
			name = "Supporting Files";
			sourceTree = "<group>";
		};
		7E0AED35195B65E30005BF01 /* Wish ListTests */ = {
			isa = PBXGroup;
			children = (
				7E0AED3B195B65E30005BF01 /* Wish_ListTests.m */,
				7E0AED36195B65E30005BF01 /* Supporting Files */,
			);
			path = "Wish ListTests";
			sourceTree = "<group>";
		};
		7E0AED36195B65E30005BF01 /* Supporting Files */ = {
			isa = PBXGroup;
			children = (
				7E0AED37195B65E30005BF01 /* Wish ListTests-Info.plist */,
				7E0AED38195B65E30005BF01 /* InfoPlist.strings */,
			);
			name = "Supporting Files";
			sourceTree = "<group>";
		};
/* End PBXGroup section */

/* Begin PBXNativeTarget section */
		7E0AED0C195B65E30005BF01 /* Wish List */ = {
			isa = PBXNativeTarget;
			buildConfigurationList = 7E0AED3F195B65E30005BF01 /* Build configuration list for PBXNativeTarget "Wish List" */;
			buildPhases = (
				7E0AED09195B65E30005BF01 /* Sources */,
				7E0AED0A195B65E30005BF01 /* Frameworks */,
				7E0AED0B195B65E30005BF01 /* Resources */,
			);
			buildRules = (
			);
			dependencies = (
			);
			name = "Wish List";
			productName = "Wish List";
			productReference = 7E0AED0D195B65E30005BF01 /* Wish List.app */;
			productType = "com.apple.product-type.application";
		};
		7E0AED2D195B65E30005BF01 /* Wish ListTests */ = {
			isa = PBXNativeTarget;
			buildConfigurationList = 7E0AED42195B65E30005BF01 /* Build configuration list for PBXNativeTarget "Wish ListTests" */;
			buildPhases = (
				7E0AED2A195B65E30005BF01 /* Sources */,
				7E0AED2B195B65E30005BF01 /* Frameworks */,
				7E0AED2C195B65E30005BF01 /* Resources */,
			);
			buildRules = (
			);
			dependencies = (
				7E0AED34195B65E30005BF01 /* PBXTargetDependency */,
			);
			name = "Wish ListTests";
			productName = "Wish ListTests";
			productReference = 7E0AED2E195B65E30005BF01 /* Wish ListTests.xctest */;
			productType = "com.apple.product-type.bundle.unit-test";
		};
/* End PBXNativeTarget section */

/* Begin PBXProject section */
		7E0AED05195B65E30005BF01 /* Project object */ = {
			isa = PBXProject;
			attributes = {
				CLASSPREFIX = JM;
				LastUpgradeCheck = 0510;
				TargetAttributes = {
					7E0AED2D195B65E30005BF01 = {
						TestTargetID = 7E0AED0C195B65E30005BF01;
					};
				};
			};
			buildConfigurationList = 7E0AED08195B65E30005BF01 /* Build configuration list for PBXProject "Wish List" */;
			compatibilityVersion = "Xcode 3.2";
			developmentRegion = English;
			hasScannedForEncodings = 0;
			knownRegions = (
				en,
				Base,
			);
			mainGroup = 7E0AED04195B65E30005BF01;
			productRefGroup = 7E0AED0E195B65E30005BF01 /* Products */;
			projectDirPath = "";
			projectRoot = "";
			targets = (
				7E0AED0C195B65E30005BF01 /* Wish List */,
				7E0AED2D195B65E30005BF01 /* Wish ListTests */,
			);
		};
/* End PBXProject section */

/* Begin PBXResourcesBuildPhase section */
		7E0AED0B195B65E30005BF01 /* Resources */ = {
			isa = PBXResourcesBuildPhase;
			buildActionMask = 2147483647;
			files = (
				7E0AED29195B65E30005BF01 /* Images.xcassets in Resources */,
				7E0AED1B195B65E30005BF01 /* InfoPlist.strings in Resources */,
				7E0AED24195B65E30005BF01 /* Main.storyboard in Resources */,
			);
			runOnlyForDeploymentPostprocessing = 0;
		};
		7E0AED2C195B65E30005BF01 /* Resources */ = {
			isa = PBXResourcesBuildPhase;
			buildActionMask = 2147483647;
			files = (
				7E0AED3A195B65E30005BF01 /* InfoPlist.strings in Resources */,
			);
			runOnlyForDeploymentPostprocessing = 0;
		};
/* End PBXResourcesBuildPhase section */

/* Begin PBXSourcesBuildPhase section */
		7E0AED09195B65E30005BF01 /* Sources */ = {
			isa = PBXSourcesBuildPhase;
			buildActionMask = 2147483647;
			files = (
				7E0AED1D195B65E30005BF01 /* main.m in Sources */,
				7E0AED27195B65E30005BF01 /* JMViewController.m in Sources */,
				7E0AED21195B65E30005BF01 /* JMAppDelegate.m in Sources */,
			);
			runOnlyForDeploymentPostprocessing = 0;
		};
		7E0AED2A195B65E30005BF01 /* Sources */ = {
			isa = PBXSourcesBuildPhase;
			buildActionMask = 2147483647;
			files = (
				7E0AED3C195B65E30005BF01 /* Wish_ListTests.m in Sources */,
			);
			runOnlyForDeploymentPostprocessing = 0;
		};
/* End PBXSourcesBuildPhase section */

/* Begin PBXTargetDependency section */
		7E0AED34195B65E30005BF01 /* PBXTargetDependency */ = {
			isa = PBXTargetDependency;
			target = 7E0AED0C195B65E30005BF01 /* Wish List */;
			targetProxy = 7E0AED33195B65E30005BF01 /* PBXContainerItemProxy */;
		};
/* End PBXTargetDependency section */

/* Begin PBXVariantGroup section */
		7E0AED19195B65E30005BF01 /* InfoPlist.strings */ = {
			isa = PBXVariantGroup;
			children = (
				7E0AED1A195B65E30005BF01 /* en */,
			);
			name = InfoPlist.strings;
			sourceTree = "<group>";
		};
		7E0AED22195B65E30005BF01 /* Main.storyboard */ = {
			isa = PBXVariantGroup;
			children = (
				7E0AED23195B65E30005BF01 /* Base */,
			);
			name = Main.storyboard;
			sourceTree = "<group>";
		};
		7E0AED38195B65E30005BF01 /* InfoPlist.strings */ = {
			isa = PBXVariantGroup;
			children = (
				7E0AED39195B65E30005BF01 /* en */,
			);
			name = InfoPlist.strings;
			sourceTree = "<group>";
		};
/* End PBXVariantGroup section */

/* Begin XCBuildConfiguration section */
		7E0AED3D195B65E30005BF01 /* Debug */ = {
			isa = XCBuildConfiguration;
			buildSettings = {
				ALWAYS_SEARCH_USER_PATHS = NO;
				CLANG_CXX_LANGUAGE_STANDARD = "gnu++0x";
				CLANG_CXX_LIBRARY = "libc++";
				CLANG_ENABLE_MODULES = YES;
				CLANG_ENABLE_OBJC_ARC = YES;
				CLANG_WARN_BOOL_CONVERSION = YES;
				CLANG_WARN_CONSTANT_CONVERSION = YES;
				CLANG_WARN_DIRECT_OBJC_ISA_USAGE = YES_ERROR;
				CLANG_WARN_EMPTY_BODY = YES;
				CLANG_WARN_ENUM_CONVERSION = YES;
				CLANG_WARN_INT_CONVERSION = YES;
				CLANG_WARN_OBJC_ROOT_CLASS = YES_ERROR;
				CLANG_WARN__DUPLICATE_METHOD_MATCH = YES;
				"CODE_SIGN_IDENTITY[sdk=iphoneos*]" = "iPhone Developer";
				COPY_PHASE_STRIP = NO;
				GCC_C_LANGUAGE_STANDARD = gnu99;
				GCC_DYNAMIC_NO_PIC = NO;
				GCC_OPTIMIZATION_LEVEL = 0;
				GCC_PREPROCESSOR_DEFINITIONS = (
					"DEBUG=1",
					"$(inherited)",
				);
				GCC_SYMBOLS_PRIVATE_EXTERN = NO;
				GCC_WARN_64_TO_32_BIT_CONVERSION = YES;
				GCC_WARN_ABOUT_RETURN_TYPE = YES_ERROR;
				GCC_WARN_UNDECLARED_SELECTOR = YES;
				GCC_WARN_UNINITIALIZED_AUTOS = YES_AGGRESSIVE;
				GCC_WARN_UNUSED_FUNCTION = YES;
				GCC_WARN_UNUSED_VARIABLE = YES;
				IPHONEOS_DEPLOYMENT_TARGET = 7.1;
				ONLY_ACTIVE_ARCH = YES;
				SDKROOT = iphoneos;
			};
			name = Debug;
		};
		7E0AED3E195B65E30005BF01 /* Release */ = {
			isa = XCBuildConfiguration;
			buildSettings = {
				ALWAYS_SEARCH_USER_PATHS = NO;
				CLANG_CXX_LANGUAGE_STANDARD = "gnu++0x";
				CLANG_CXX_LIBRARY = "libc++";
				CLANG_ENABLE_MODULES = YES;
				CLANG_ENABLE_OBJC_ARC = YES;
				CLANG_WARN_BOOL_CONVERSION = YES;
				CLANG_WARN_CONSTANT_CONVERSION = YES;
				CLANG_WARN_DIRECT_OBJC_ISA_USAGE = YES_ERROR;
				CLANG_WARN_EMPTY_BODY = YES;
				CLANG_WARN_ENUM_CONVERSION = YES;
				CLANG_WARN_INT_CONVERSION = YES;
				CLANG_WARN_OBJC_ROOT_CLASS = YES_ERROR;
				CLANG_WARN__DUPLICATE_METHOD_MATCH = YES;
				"CODE_SIGN_IDENTITY[sdk=iphoneos*]" = "iPhone Developer";
				COPY_PHASE_STRIP = YES;
				ENABLE_NS_ASSERTIONS = NO;
				GCC_C_LANGUAGE_STANDARD = gnu99;
				GCC_WARN_64_TO_32_BIT_CONVERSION = YES;
				GCC_WARN_ABOUT_RETURN_TYPE = YES_ERROR;
				GCC_WARN_UNDECLARED_SELECTOR = YES;
				GCC_WARN_UNINITIALIZED_AUTOS = YES_AGGRESSIVE;
				GCC_WARN_UNUSED_FUNCTION = YES;
				GCC_WARN_UNUSED_VARIABLE = YES;
				IPHONEOS_DEPLOYMENT_TARGET = 7.1;
				SDKROOT = iphoneos;
				VALIDATE_PRODUCT = YES;
			};
			name = Release;
		};
		7E0AED40195B65E30005BF01 /* Debug */ = {
			isa = XCBuildConfiguration;
			buildSettings = {
				ASSETCATALOG_COMPILER_APPICON_NAME = AppIcon;
				ASSETCATALOG_COMPILER_LAUNCHIMAGE_NAME = LaunchImage;
				GCC_PRECOMPILE_PREFIX_HEADER = YES;
				GCC_PREFIX_HEADER = "Wish List/Wish List-Prefix.pch";
				INFOPLIST_FILE = "Wish List/Wish List-Info.plist";
				PRODUCT_NAME = "$(TARGET_NAME)";
				WRAPPER_EXTENSION = app;
			};
			name = Debug;
		};
		7E0AED41195B65E30005BF01 /* Release */ = {
			isa = XCBuildConfiguration;
			buildSettings = {
				ASSETCATALOG_COMPILER_APPICON_NAME = AppIcon;
				ASSETCATALOG_COMPILER_LAUNCHIMAGE_NAME = LaunchImage;
				GCC_PRECOMPILE_PREFIX_HEADER = YES;
				GCC_PREFIX_HEADER = "Wish List/Wish List-Prefix.pch";
				INFOPLIST_FILE = "Wish List/Wish List-Info.plist";
				PRODUCT_NAME = "$(TARGET_NAME)";
				WRAPPER_EXTENSION = app;
			};
			name = Release;
		};
		7E0AED43195B65E30005BF01 /* Debug */ = {
			isa = XCBuildConfiguration;
			buildSettings = {
				BUNDLE_LOADER = "$(BUILT_PRODUCTS_DIR)/Wish List.app/Wish List";
				FRAMEWORK_SEARCH_PATHS = (
					"$(SDKROOT)/Developer/Library/Frameworks",
					"$(inherited)",
					"$(DEVELOPER_FRAMEWORKS_DIR)",
				);
				GCC_PRECOMPILE_PREFIX_HEADER = YES;
				GCC_PREFIX_HEADER = "Wish List/Wish List-Prefix.pch";
				GCC_PREPROCESSOR_DEFINITIONS = (
					"DEBUG=1",
					"$(inherited)",
				);
				INFOPLIST_FILE = "Wish ListTests/Wish ListTests-Info.plist";
				PRODUCT_NAME = "$(TARGET_NAME)";
				TEST_HOST = "$(BUNDLE_LOADER)";
				WRAPPER_EXTENSION = xctest;
			};
			name = Debug;
		};
		7E0AED44195B65E30005BF01 /* Release */ = {
			isa = XCBuildConfiguration;
			buildSettings = {
				BUNDLE_LOADER = "$(BUILT_PRODUCTS_DIR)/Wish List.app/Wish List";
				FRAMEWORK_SEARCH_PATHS = (
					"$(SDKROOT)/Developer/Library/Frameworks",
					"$(inherited)",
					"$(DEVELOPER_FRAMEWORKS_DIR)",
				);
				GCC_PRECOMPILE_PREFIX_HEADER = YES;
				GCC_PREFIX_HEADER = "Wish List/Wish List-Prefix.pch";
				INFOPLIST_FILE = "Wish ListTests/Wish ListTests-Info.plist";
				PRODUCT_NAME = "$(TARGET_NAME)";
				TEST_HOST = "$(BUNDLE_LOADER)";
				WRAPPER_EXTENSION = xctest;
			};
			name = Release;
		};
/* End XCBuildConfiguration section */

/* Begin XCConfigurationList section */
		7E0AED08195B65E30005BF01 /* Build configuration list for PBXProject "Wish List" */ = {
			isa = XCConfigurationList;
			buildConfigurations = (
				7E0AED3D195B65E30005BF01 /* Debug */,
				7E0AED3E195B65E30005BF01 /* Release */,
			);
			defaultConfigurationIsVisible = 0;
			defaultConfigurationName = Release;
		};
		7E0AED3F195B65E30005BF01 /* Build configuration list for PBXNativeTarget "Wish List" */ = {
			isa = XCConfigurationList;
			buildConfigurations = (
				7E0AED40195B65E30005BF01 /* Debug */,
				7E0AED41195B65E30005BF01 /* Release */,
			);
			defaultConfigurationIsVisible = 0;
		};
		7E0AED42195B65E30005BF01 /* Build configuration list for PBXNativeTarget "Wish ListTests" */ = {
			isa = XCConfigurationList;
			buildConfigurations = (
				7E0AED43195B65E30005BF01 /* Debug */,
				7E0AED44195B65E30005BF01 /* Release */,
			);
			defaultConfigurationIsVisible = 0;
		};
/* End XCConfigurationList section */
	};
	rootObject = 7E0AED05195B65E30005BF01 /* Project object */;
}
